// !$*UTF8*$!
{
	archiveVersion = 1;
	classes = {
	};
	objectVersion = 50;
	objects = {

/* Begin PBXBuildFile section */
		547AC18D2249CA9D005788FD /* AppDelegate.m in Sources */ = {isa = PBXBuildFile; fileRef = 547AC18C2249CA9D005788FD /* AppDelegate.m */; };
		547AC1902249CA9D005788FD /* ViewController.m in Sources */ = {isa = PBXBuildFile; fileRef = 547AC18F2249CA9D005788FD /* ViewController.m */; };
		547AC1932249CA9D005788FD /* Main.storyboard in Resources */ = {isa = PBXBuildFile; fileRef = 547AC1912249CA9D005788FD /* Main.storyboard */; };
		547AC1952249CA9F005788FD /* Assets.xcassets in Resources */ = {isa = PBXBuildFile; fileRef = 547AC1942249CA9F005788FD /* Assets.xcassets */; };
		547AC1982249CA9F005788FD /* LaunchScreen.storyboard in Resources */ = {isa = PBXBuildFile; fileRef = 547AC1962249CA9F005788FD /* LaunchScreen.storyboard */; };
		547AC19B2249CA9F005788FD /* main.m in Sources */ = {isa = PBXBuildFile; fileRef = 547AC19A2249CA9F005788FD /* main.m */; };
		547AC1A32249CAB9005788FD /* ZZArtboardButton.m in Sources */ = {isa = PBXBuildFile; fileRef = 547AC1A22249CAB9005788FD /* ZZArtboardButton.m */; };
		547AC1A62249CC35005788FD /* UIColor+ZZAdd.m in Sources */ = {isa = PBXBuildFile; fileRef = 547AC1A52249CC35005788FD /* UIColor+ZZAdd.m */; };
/* End PBXBuildFile section */

/* Begin PBXFileReference section */
		547AC1882249CA9D005788FD /* ZZArtboardButton.app */ = {isa = PBXFileReference; explicitFileType = wrapper.application; includeInIndex = 0; path = ZZArtboardButton.app; sourceTree = BUILT_PRODUCTS_DIR; };
		547AC18B2249CA9D005788FD /* AppDelegate.h */ = {isa = PBXFileReference; lastKnownFileType = sourcecode.c.h; path = AppDelegate.h; sourceTree = "<group>"; };
		547AC18C2249CA9D005788FD /* AppDelegate.m */ = {isa = PBXFileReference; lastKnownFileType = sourcecode.c.objc; path = AppDelegate.m; sourceTree = "<group>"; };
		547AC18E2249CA9D005788FD /* ViewController.h */ = {isa = PBXFileReference; lastKnownFileType = sourcecode.c.h; path = ViewController.h; sourceTree = "<group>"; };
		547AC18F2249CA9D005788FD /* ViewController.m */ = {isa = PBXFileReference; lastKnownFileType = sourcecode.c.objc; path = ViewController.m; sourceTree = "<group>"; };
		547AC1922249CA9D005788FD /* Base */ = {isa = PBXFileReference; lastKnownFileType = file.storyboard; name = Base; path = Base.lproj/Main.storyboard; sourceTree = "<group>"; };
		547AC1942249CA9F005788FD /* Assets.xcassets */ = {isa = PBXFileReference; lastKnownFileType = folder.assetcatalog; path = Assets.xcassets; sourceTree = "<group>"; };
		547AC1972249CA9F005788FD /* Base */ = {isa = PBXFileReference; lastKnownFileType = file.storyboard; name = Base; path = Base.lproj/LaunchScreen.storyboard; sourceTree = "<group>"; };
		547AC1992249CA9F005788FD /* Info.plist */ = {isa = PBXFileReference; lastKnownFileType = text.plist.xml; path = Info.plist; sourceTree = "<group>"; };
		547AC19A2249CA9F005788FD /* main.m */ = {isa = PBXFileReference; lastKnownFileType = sourcecode.c.objc; path = main.m; sourceTree = "<group>"; };
		547AC1A12249CAB9005788FD /* ZZArtboardButton.h */ = {isa = PBXFileReference; lastKnownFileType = sourcecode.c.h; path = ZZArtboardButton.h; sourceTree = "<group>"; };
		547AC1A22249CAB9005788FD /* ZZArtboardButton.m */ = {isa = PBXFileReference; lastKnownFileType = sourcecode.c.objc; path = ZZArtboardButton.m; sourceTree = "<group>"; };
		547AC1A42249CC35005788FD /* UIColor+ZZAdd.h */ = {isa = PBXFileReference; lastKnownFileType = sourcecode.c.h; path = "UIColor+ZZAdd.h"; sourceTree = "<group>"; };
		547AC1A52249CC35005788FD /* UIColor+ZZAdd.m */ = {isa = PBXFileReference; lastKnownFileType = sourcecode.c.objc; path = "UIColor+ZZAdd.m"; sourceTree = "<group>"; };
/* End PBXFileReference section */

/* Begin PBXFrameworksBuildPhase section */
		547AC1852249CA9D005788FD /* Frameworks */ = {
			isa = PBXFrameworksBuildPhase;
			buildActionMask = 2147483647;
			files = (
			);
			runOnlyForDeploymentPostprocessing = 0;
		};
/* End PBXFrameworksBuildPhase section */

/* Begin PBXGroup section */
		547AC17F2249CA9D005788FD = {
			isa = PBXGroup;
			children = (
				547AC18A2249CA9D005788FD /* ZZArtboardButton */,
				547AC1892249CA9D005788FD /* Products */,
			);
			sourceTree = "<group>";
		};
		547AC1892249CA9D005788FD /* Products */ = {
			isa = PBXGroup;
			children = (
				547AC1882249CA9D005788FD /* ZZArtboardButton.app */,
			);
			name = Products;
			sourceTree = "<group>";
		};
		547AC18A2249CA9D005788FD /* ZZArtboardButton */ = {
			isa = PBXGroup;
			children = (
				547AC1A7224A01F3005788FD /* Support Files */,
				547AC18B2249CA9D005788FD /* AppDelegate.h */,
				547AC18C2249CA9D005788FD /* AppDelegate.m */,
				547AC18E2249CA9D005788FD /* ViewController.h */,
				547AC18F2249CA9D005788FD /* ViewController.m */,
				547AC1A12249CAB9005788FD /* ZZArtboardButton.h */,
				547AC1A22249CAB9005788FD /* ZZArtboardButton.m */,
			);
			path = ZZArtboardButton;
			sourceTree = "<group>";
		};
		547AC1A7224A01F3005788FD /* Support Files */ = {
			isa = PBXGroup;
			children = (
				547AC1A42249CC35005788FD /* UIColor+ZZAdd.h */,
				547AC1A52249CC35005788FD /* UIColor+ZZAdd.m */,
				547AC1912249CA9D005788FD /* Main.storyboard */,
				547AC1942249CA9F005788FD /* Assets.xcassets */,
				547AC1962249CA9F005788FD /* LaunchScreen.storyboard */,
				547AC1992249CA9F005788FD /* Info.plist */,
				547AC19A2249CA9F005788FD /* main.m */,
			);
			path = "Support Files";
			sourceTree = "<group>";
		};
/* End PBXGroup section */

/* Begin PBXNativeTarget section */
		547AC1872249CA9D005788FD /* ZZArtboardButton */ = {
			isa = PBXNativeTarget;
			buildConfigurationList = 547AC19E2249CA9F005788FD /* Build configuration list for PBXNativeTarget "ZZArtboardButton" */;
			buildPhases = (
				547AC1842249CA9D005788FD /* Sources */,
				547AC1852249CA9D005788FD /* Frameworks */,
				547AC1862249CA9D005788FD /* Resources */,
			);
			buildRules = (
			);
			dependencies = (
			);
			name = ZZArtboardButton;
			productName = ZZArtboardButton;
			productReference = 547AC1882249CA9D005788FD /* ZZArtboardButton.app */;
			productType = "com.apple.product-type.application";
		};
/* End PBXNativeTarget section */

/* Begin PBXProject section */
		547AC1802249CA9D005788FD /* Project object */ = {
			isa = PBXProject;
			attributes = {
				LastUpgradeCheck = 1010;
				ORGANIZATIONNAME = ZZ;
				TargetAttributes = {
					547AC1872249CA9D005788FD = {
						CreatedOnToolsVersion = 10.1;
					};
				};
			};
			buildConfigurationList = 547AC1832249CA9D005788FD /* Build configuration list for PBXProject "ZZArtboardButton" */;
			compatibilityVersion = "Xcode 9.3";
			developmentRegion = en;
			hasScannedForEncodings = 0;
			knownRegions = (
				en,
				Base,
			);
			mainGroup = 547AC17F2249CA9D005788FD;
			productRefGroup = 547AC1892249CA9D005788FD /* Products */;
			projectDirPath = "";
			projectRoot = "";
			targets = (
				547AC1872249CA9D005788FD /* ZZArtboardButton */,
			);
		};
/* End PBXProject section */

/* Begin PBXResourcesBuildPhase section */
		547AC1862249CA9D005788FD /* Resources */ = {
			isa = PBXResourcesBuildPhase;
			buildActionMask = 2147483647;
			files = (
				547AC1982249CA9F005788FD /* LaunchScreen.storyboard in Resources */,
				547AC1952249CA9F005788FD /* Assets.xcassets in Resources */,
				547AC1932249CA9D005788FD /* Main.storyboard in Resources */,
			);
			runOnlyForDeploymentPostprocessing = 0;
		};
/* End PBXResourcesBuildPhase section */

/* Begin PBXSourcesBuildPhase section */
		547AC1842249CA9D005788FD /* Sources */ = {
			isa = PBXSourcesBuildPhase;
			buildActionMask = 2147483647;
			files = (
				547AC1A32249CAB9005788FD /* ZZArtboardButton.m in Sources */,
				547AC1902249CA9D005788FD /* ViewController.m in Sources */,
				547AC19B2249CA9F005788FD /* main.m in Sources */,
				547AC18D2249CA9D005788FD /* AppDelegate.m in Sources */,
				547AC1A62249CC35005788FD /* UIColor+ZZAdd.m in Sources */,
			);
			runOnlyForDeploymentPostprocessing = 0;
		};
/* End PBXSourcesBuildPhase section */

/* Begin PBXVariantGroup section */
		547AC1912249CA9D005788FD /* Main.storyboard */ = {
			isa = PBXVariantGroup;
			children = (
				547AC1922249CA9D005788FD /* Base */,
			);
			name = Main.storyboard;
			sourceTree = "<group>";
		};
		547AC1962249CA9F005788FD /* LaunchScreen.storyboard */ = {
			isa = PBXVariantGroup;
			children = (
				547AC1972249CA9F005788FD /* Base */,
			);
			name = LaunchScreen.storyboard;
			sourceTree = "<group>";
		};
/* End PBXVariantGroup section */

/* Begin XCBuildConfiguration section */
		547AC19C2249CA9F005788FD /* Debug */ = {
			isa = XCBuildConfiguration;
			buildSettings = {
				ALWAYS_SEARCH_USER_PATHS = NO;
				CLANG_ANALYZER_NONNULL = YES;
				CLANG_ANALYZER_NUMBER_OBJECT_CONVERSION = YES_AGGRESSIVE;
				CLANG_CXX_LANGUAGE_STANDARD = "gnu++14";
				CLANG_CXX_LIBRARY = "libc++";
				CLANG_ENABLE_MODULES = YES;
				CLANG_ENABLE_OBJC_ARC = YES;
				CLANG_ENABLE_OBJC_WEAK = YES;
				CLANG_WARN_BLOCK_CAPTURE_AUTORELEASING = YES;
				CLANG_WARN_BOOL_CONVERSION = YES;
				CLANG_WARN_COMMA = YES;
				CLANG_WARN_CONSTANT_CONVERSION = YES;
				CLANG_WARN_DEPRECATED_OBJC_IMPLEMENTATIONS = YES;
				CLANG_WARN_DIRECT_OBJC_ISA_USAGE = YES_ERROR;
				CLANG_WARN_DOCUMENTATION_COMMENTS = YES;
				CLANG_WARN_EMPTY_BODY = YES;
				CLANG_WARN_ENUM_CONVERSION = YES;
				CLANG_WARN_INFINITE_RECURSION = YES;
				CLANG_WARN_INT_CONVERSION = YES;
				CLANG_WARN_NON_LITERAL_NULL_CONVERSION = YES;
				CLANG_WARN_OBJC_IMPLICIT_RETAIN_SELF = YES;
				CLANG_WARN_OBJC_LITERAL_CONVERSION = YES;
				CLANG_WARN_OBJC_ROOT_CLASS = YES_ERROR;
				CLANG_WARN_RANGE_LOOP_ANALYSIS = YES;
				CLANG_WARN_STRICT_PROTOTYPES = YES;
				CLANG_WARN_SUSPICIOUS_MOVE = YES;
				CLANG_WARN_UNGUARDED_AVAILABILITY = YES_AGGRESSIVE;
				CLANG_WARN_UNREACHABLE_CODE = YES;
				CLANG_WARN__DUPLICATE_METHOD_MATCH = YES;
				CODE_SIGN_IDENTITY = "iPhone Developer";
				COPY_PHASE_STRIP = NO;
				DEBUG_INFORMATION_FORMAT = dwarf;
				ENABLE_STRICT_OBJC_MSGSEND = YES;
				ENABLE_TESTABILITY = YES;
				GCC_C_LANGUAGE_STANDARD = gnu11;
				GCC_DYNAMIC_NO_PIC = NO;
				GCC_NO_COMMON_BLOCKS = YES;
				GCC_OPTIMIZATION_LEVEL = 0;
				GCC_PREPROCESSOR_DEFINITIONS = (
					"DEBUG=1",
					"$(inherited)",
				);
				GCC_WARN_64_TO_32_BIT_CONVERSION = YES;
				GCC_WARN_ABOUT_RETURN_TYPE = YES_ERROR;
				GCC_WARN_UNDECLARED_SELECTOR = YES;
				GCC_WARN_UNINITIALIZED_AUTOS = YES_AGGRESSIVE;
				GCC_WARN_UNUSED_FUNCTION = YES;
				GCC_WARN_UNUSED_VARIABLE = YES;
				IPHONEOS_DEPLOYMENT_TARGET = 12.1;
				MTL_ENABLE_DEBUG_INFO = INCLUDE_SOURCE;
				MTL_FAST_MATH = YES;
				ONLY_ACTIVE_ARCH = YES;
				SDKROOT = iphoneos;
			};
			name = Debug;
		};
		547AC19D2249CA9F005788FD /* Release */ = {
			isa = XCBuildConfiguration;
			buildSettings = {
				ALWAYS_SEARCH_USER_PATHS = NO;
				CLANG_ANALYZER_NONNULL = YES;
				CLANG_ANALYZER_NUMBER_OBJECT_CONVERSION = YES_AGGRESSIVE;
				CLANG_CXX_LANGUAGE_STANDARD = "gnu++14";
				CLANG_CXX_LIBRARY = "libc++";
				CLANG_ENABLE_MODULES = YES;
				CLANG_ENABLE_OBJC_ARC = YES;
				CLANG_ENABLE_OBJC_WEAK = YES;
				CLANG_WARN_BLOCK_CAPTURE_AUTORELEASING = YES;
				CLANG_WARN_BOOL_CONVERSION = YES;
				CLANG_WARN_COMMA = YES;
				CLANG_WARN_CONSTANT_CONVERSION = YES;
				CLANG_WARN_DEPRECATED_OBJC_IMPLEMENTATIONS = YES;
				CLANG_WARN_DIRECT_OBJC_ISA_USAGE = YES_ERROR;
				CLANG_WARN_DOCUMENTATION_COMMENTS = YES;
				CLANG_WARN_EMPTY_BODY = YES;
				CLANG_WARN_ENUM_CONVERSION = YES;
				CLANG_WARN_INFINITE_RECURSION = YES;
				CLANG_WARN_INT_CONVERSION = YES;
				CLANG_WARN_NON_LITERAL_NULL_CONVERSION = YES;
				CLANG_WARN_OBJC_IMPLICIT_RETAIN_SELF = YES;
				CLANG_WARN_OBJC_LITERAL_CONVERSION = YES;
				CLANG_WARN_OBJC_ROOT_CLASS = YES_ERROR;
				CLANG_WARN_RANGE_LOOP_ANALYSIS = YES;
				CLANG_WARN_STRICT_PROTOTYPES = YES;
				CLANG_WARN_SUSPICIOUS_MOVE = YES;
				CLANG_WARN_UNGUARDED_AVAILABILITY = YES_AGGRESSIVE;
				CLANG_WARN_UNREACHABLE_CODE = YES;
				CLANG_WARN__DUPLICATE_METHOD_MATCH = YES;
				CODE_SIGN_IDENTITY = "iPhone Developer";
				COPY_PHASE_STRIP = NO;
				DEBUG_INFORMATION_FORMAT = "dwarf-with-dsym";
				ENABLE_NS_ASSERTIONS = NO;
				ENABLE_STRICT_OBJC_MSGSEND = YES;
				GCC_C_LANGUAGE_STANDARD = gnu11;
				GCC_NO_COMMON_BLOCKS = YES;
				GCC_WARN_64_TO_32_BIT_CONVERSION = YES;
				GCC_WARN_ABOUT_RETURN_TYPE = YES_ERROR;
				GCC_WARN_UNDECLARED_SELECTOR = YES;
				GCC_WARN_UNINITIALIZED_AUTOS = YES_AGGRESSIVE;
				GCC_WARN_UNUSED_FUNCTION = YES;
				GCC_WARN_UNUSED_VARIABLE = YES;
				IPHONEOS_DEPLOYMENT_TARGET = 12.1;
				MTL_ENABLE_DEBUG_INFO = NO;
				MTL_FAST_MATH = YES;
				SDKROOT = iphoneos;
				VALIDATE_PRODUCT = YES;
			};
			name = Release;
		};
		547AC19F2249CA9F005788FD /* Debug */ = {
			isa = XCBuildConfiguration;
			buildSettings = {
				ASSETCATALOG_COMPILER_APPICON_NAME = AppIcon;
				CODE_SIGN_STYLE = Automatic;
				INFOPLIST_FILE = "ZZArtboardButton/Support Files/Info.plist";
				LD_RUNPATH_SEARCH_PATHS = (
					"$(inherited)",
					"@executable_path/Frameworks",
				);
				PRODUCT_BUNDLE_IDENTIFIER = ZZ.ZZArtboardButton;
				PRODUCT_NAME = "$(TARGET_NAME)";
				TARGETED_DEVICE_FAMILY = "1,2";
			};
			name = Debug;
		};
		547AC1A02249CA9F005788FD /* Release */ = {
			isa = XCBuildConfiguration;
			buildSettings = {
				ASSETCATALOG_COMPILER_APPICON_NAME = AppIcon;
				CODE_SIGN_STYLE = Automatic;
				INFOPLIST_FILE = "ZZArtboardButton/Support Files/Info.plist";
				LD_RUNPATH_SEARCH_PATHS = (
					"$(inherited)",
					"@executable_path/Frameworks",
				);
				PRODUCT_BUNDLE_IDENTIFIER = ZZ.ZZArtboardButton;
				PRODUCT_NAME = "$(TARGET_NAME)";
				TARGETED_DEVICE_FAMILY = "1,2";
			};
			name = Release;
		};
/* End XCBuildConfiguration section */

/* Begin XCConfigurationList section */
		547AC1832249CA9D005788FD /* Build configuration list for PBXProject "ZZArtboardButton" */ = {
			isa = XCConfigurationList;
			buildConfigurations = (
				547AC19C2249CA9F005788FD /* Debug */,
				547AC19D2249CA9F005788FD /* Release */,
			);
			defaultConfigurationIsVisible = 0;
			defaultConfigurationName = Release;
		};
		547AC19E2249CA9F005788FD /* Build configuration list for PBXNativeTarget "ZZArtboardButton" */ = {
			isa = XCConfigurationList;
			buildConfigurations = (
				547AC19F2249CA9F005788FD /* Debug */,
				547AC1A02249CA9F005788FD /* Release */,
			);
			defaultConfigurationIsVisible = 0;
			defaultConfigurationName = Release;
		};
/* End XCConfigurationList section */
	};
	rootObject = 547AC1802249CA9D005788FD /* Project object */;
}
